
Microsoft Visual Studio Solution File, Format Version 12.00
# Visual Studio Version 17
VisualStudioVersion = 17.4.33122.133
MinimumVisualStudioVersion = 10.0.40219.1
Project("{FAE04EC0-301F-11D3-BF4B-00C04F79EFBC}") = "CSharpScript", "CSharpScript\CSharpScript.csproj", "{8CFAE6FC-F3F3-403B-B24A-5F1BDDF376DD}"
EndProject
Project("{FAE04EC0-301F-11D3-BF4B-00C04F79EFBC}") = "CSharpScript.Host", "CSharpScript.Host\CSharpScript.Host.csproj", "{5FFBA202-0FD1-4FC3-B0C7-06813B066D43}"
EndProject
Global
	GlobalSection(SolutionConfigurationPlatforms) = preSolution
		Debug|Any CPU = Debug|Any CPU
		Release|Any CPU = Release|Any CPU
	EndGlobalSection
	GlobalSection(ProjectConfigurationPlatforms) = postSolution
		{8CFAE6FC-F3F3-403B-B24A-5F1BDDF376DD}.Debug|Any CPU.ActiveCfg = Debug|Any CPU
		{8CFAE6FC-F3F3-403B-B24A-5F1BDDF376DD}.Debug|Any CPU.Build.0 = Debug|Any CPU
		{8CFAE6FC-F3F3-403B-B24A-5F1BDDF376DD}.Release|Any CPU.ActiveCfg = Release|Any CPU
		{8CFAE6FC-F3F3-403B-B24A-5F1BDDF376DD}.Release|Any CPU.Build.0 = Release|Any CPU
		{5FFBA202-0FD1-4FC3-B0C7-06813B066D43}.Debug|Any CPU.ActiveCfg = Debug|Any CPU
		{5FFBA202-0FD1-4FC3-B0C7-06813B066D43}.Debug|Any CPU.Build.0 = Debug|Any CPU
		{5FFBA202-0FD1-4FC3-B0C7-06813B066D43}.Release|Any CPU.ActiveCfg = Release|Any CPU
		{5FFBA202-0FD1-4FC3-B0C7-06813B066D43}.Release|Any CPU.Build.0 = Release|Any CPU
	EndGlobalSection
	GlobalSection(SolutionProperties) = preSolution
		HideSolutionNode = FALSE
	EndGlobalSection
	GlobalSection(ExtensibilityGlobals) = postSolution
		SolutionGuid = {A27673F4-56CE-4B83-9320-C0C894E46553}
	EndGlobalSection
EndGlobal
